
Microsoft Visual Studio Solution File, Format Version 12.00
# Visual Studio Version 16
VisualStudioVersion = 16.0.30413.136
MinimumVisualStudioVersion = 10.0.40219.1
Project("{FAE04EC0-301F-11D3-BF4B-00C04F79EFBC}") = "Console_07.10.2020", "Console_07.10.2020\Console_07.10.2020.csproj", "{05C54C7C-D854-4D88-9D19-140809FC8109}"
EndProject
Global
	GlobalSection(SolutionConfigurationPlatforms) = preSolution
		Debug|Any CPU = Debug|Any CPU
		Release|Any CPU = Release|Any CPU
	EndGlobalSection
	GlobalSection(ProjectConfigurationPlatforms) = postSolution
		{05C54C7C-D854-4D88-9D19-140809FC8109}.Debug|Any CPU.ActiveCfg = Debug|Any CPU
		{05C54C7C-D854-4D88-9D19-140809FC8109}.Debug|Any CPU.Build.0 = Debug|Any CPU
		{05C54C7C-D854-4D88-9D19-140809FC8109}.Release|Any CPU.ActiveCfg = Release|Any CPU
		{05C54C7C-D854-4D88-9D19-140809FC8109}.Release|Any CPU.Build.0 = Release|Any CPU
	EndGlobalSection
	GlobalSection(SolutionProperties) = preSolution
		HideSolutionNode = FALSE
	EndGlobalSection
	GlobalSection(ExtensibilityGlobals) = postSolution
		SolutionGuid = {CBF7B3BD-2F07-4B22-9B84-BDC99CE9B4E0}
	EndGlobalSection
EndGlobal
