
Microsoft Visual Studio Solution File, Format Version 12.00
# Visual Studio Version 16
VisualStudioVersion = 16.0.30611.23
MinimumVisualStudioVersion = 10.0.40219.1
Project("{FAE04EC0-301F-11D3-BF4B-00C04F79EFBC}") = "Homework_07", "Homework_07\Homework_07.csproj", "{3A986847-5B1F-4383-B31A-D673F544D66C}"
EndProject
Global
	GlobalSection(SolutionConfigurationPlatforms) = preSolution
		Debug|Any CPU = Debug|Any CPU
		Release|Any CPU = Release|Any CPU
	EndGlobalSection
	GlobalSection(ProjectConfigurationPlatforms) = postSolution
		{3A986847-5B1F-4383-B31A-D673F544D66C}.Debug|Any CPU.ActiveCfg = Debug|Any CPU
		{3A986847-5B1F-4383-B31A-D673F544D66C}.Debug|Any CPU.Build.0 = Debug|Any CPU
		{3A986847-5B1F-4383-B31A-D673F544D66C}.Release|Any CPU.ActiveCfg = Release|Any CPU
		{3A986847-5B1F-4383-B31A-D673F544D66C}.Release|Any CPU.Build.0 = Release|Any CPU
	EndGlobalSection
	GlobalSection(SolutionProperties) = preSolution
		HideSolutionNode = FALSE
	EndGlobalSection
	GlobalSection(ExtensibilityGlobals) = postSolution
		SolutionGuid = {8B39A153-F929-480B-98D0-700F60B34FFD}
	EndGlobalSection
EndGlobal
